
Microsoft Visual Studio Solution File, Format Version 12.00
# Visual Studio Version 17
VisualStudioVersion = 17.10.34928.147
MinimumVisualStudioVersion = 10.0.40219.1
Project("{FAE04EC0-301F-11D3-BF4B-00C04F79EFBC}") = "GitTraining", "GitTraining\GitTraining.csproj", "{CAADB598-90F4-45B1-8B42-DF31A95C86CD}"
EndProject
Global
	GlobalSection(SolutionConfigurationPlatforms) = preSolution
		Debug|Any CPU = Debug|Any CPU
		Release|Any CPU = Release|Any CPU
	EndGlobalSection
	GlobalSection(ProjectConfigurationPlatforms) = postSolution
		{CAADB598-90F4-45B1-8B42-DF31A95C86CD}.Debug|Any CPU.ActiveCfg = Debug|Any CPU
		{CAADB598-90F4-45B1-8B42-DF31A95C86CD}.Debug|Any CPU.Build.0 = Debug|Any CPU
		{CAADB598-90F4-45B1-8B42-DF31A95C86CD}.Release|Any CPU.ActiveCfg = Release|Any CPU
		{CAADB598-90F4-45B1-8B42-DF31A95C86CD}.Release|Any CPU.Build.0 = Release|Any CPU
	EndGlobalSection
	GlobalSection(SolutionProperties) = preSolution
		HideSolutionNode = FALSE
	EndGlobalSection
	GlobalSection(ExtensibilityGlobals) = postSolution
		SolutionGuid = {8B008649-FFED-40E2-B687-40A6CF29DB3D}
	EndGlobalSection
EndGlobal
